
Microsoft Visual Studio Solution File, Format Version 12.00
# Visual Studio 15
Project("{FAE04EC0-301F-11D3-BF4B-00C04F79EFBC}") = "WiredChaos", "Assembly-CSharp.csproj", "{17E590BC-3DFE-3686-9335-4F856F46E3D7}"
EndProject
Project("{FAE04EC0-301F-11D3-BF4B-00C04F79EFBC}") = "WiredChaos", "Assembly-CSharp-Editor.csproj", "{CFECF90E-18D3-00A5-6EF1-3226EA9F0EC4}"
EndProject
Global
	GlobalSection(SolutionConfigurationPlatforms) = preSolution
		Debug|Any CPU = Debug|Any CPU
		Release|Any CPU = Release|Any CPU
	EndGlobalSection
	GlobalSection(ProjectConfigurationPlatforms) = postSolution
		{17E590BC-3DFE-3686-9335-4F856F46E3D7}.Debug|Any CPU.ActiveCfg = Debug|Any CPU
		{17E590BC-3DFE-3686-9335-4F856F46E3D7}.Debug|Any CPU.Build.0 = Debug|Any CPU
		{17E590BC-3DFE-3686-9335-4F856F46E3D7}.Release|Any CPU.ActiveCfg = Release|Any CPU
		{17E590BC-3DFE-3686-9335-4F856F46E3D7}.Release|Any CPU.Build.0 = Release|Any CPU
		{CFECF90E-18D3-00A5-6EF1-3226EA9F0EC4}.Debug|Any CPU.ActiveCfg = Debug|Any CPU
		{CFECF90E-18D3-00A5-6EF1-3226EA9F0EC4}.Debug|Any CPU.Build.0 = Debug|Any CPU
		{CFECF90E-18D3-00A5-6EF1-3226EA9F0EC4}.Release|Any CPU.ActiveCfg = Release|Any CPU
		{CFECF90E-18D3-00A5-6EF1-3226EA9F0EC4}.Release|Any CPU.Build.0 = Release|Any CPU
	EndGlobalSection
	GlobalSection(SolutionProperties) = preSolution
		HideSolutionNode = FALSE
	EndGlobalSection
EndGlobal
